
Microsoft Visual Studio Solution File, Format Version 12.00
# Visual Studio 14
VisualStudioVersion = 14.0.25420.1
MinimumVisualStudioVersion = 10.0.40219.1
Project("{FAE04EC0-301F-11D3-BF4B-00C04F79EFBC}") = "DapperNews.ConsoleApp", "DapperNews.ConsoleApp\DapperNews.ConsoleApp.csproj", "{7E47CB65-91FE-4AB4-A86B-A79B309FB2D3}"
EndProject
Project("{FAE04EC0-301F-11D3-BF4B-00C04F79EFBC}") = "DapperNews.DataAccess", "DapperNews.DataAccess\DapperNews.DataAccess.csproj", "{C721EFA8-F842-464F-8140-7E08A8AD0D0F}"
EndProject
Project("{FAE04EC0-301F-11D3-BF4B-00C04F79EFBC}") = "DapperNews.Models", "DapperNews.Models\DapperNews.Models.csproj", "{E21AE576-3DAA-4534-9D2D-1A37769EE8A7}"
EndProject
Global
	GlobalSection(SolutionConfigurationPlatforms) = preSolution
		Debug|Any CPU = Debug|Any CPU
		Release|Any CPU = Release|Any CPU
	EndGlobalSection
	GlobalSection(ProjectConfigurationPlatforms) = postSolution
		{7E47CB65-91FE-4AB4-A86B-A79B309FB2D3}.Debug|Any CPU.ActiveCfg = Debug|Any CPU
		{7E47CB65-91FE-4AB4-A86B-A79B309FB2D3}.Debug|Any CPU.Build.0 = Debug|Any CPU
		{7E47CB65-91FE-4AB4-A86B-A79B309FB2D3}.Release|Any CPU.ActiveCfg = Release|Any CPU
		{7E47CB65-91FE-4AB4-A86B-A79B309FB2D3}.Release|Any CPU.Build.0 = Release|Any CPU
		{C721EFA8-F842-464F-8140-7E08A8AD0D0F}.Debug|Any CPU.ActiveCfg = Debug|Any CPU
		{C721EFA8-F842-464F-8140-7E08A8AD0D0F}.Debug|Any CPU.Build.0 = Debug|Any CPU
		{C721EFA8-F842-464F-8140-7E08A8AD0D0F}.Release|Any CPU.ActiveCfg = Release|Any CPU
		{C721EFA8-F842-464F-8140-7E08A8AD0D0F}.Release|Any CPU.Build.0 = Release|Any CPU
		{E21AE576-3DAA-4534-9D2D-1A37769EE8A7}.Debug|Any CPU.ActiveCfg = Debug|Any CPU
		{E21AE576-3DAA-4534-9D2D-1A37769EE8A7}.Debug|Any CPU.Build.0 = Debug|Any CPU
		{E21AE576-3DAA-4534-9D2D-1A37769EE8A7}.Release|Any CPU.ActiveCfg = Release|Any CPU
		{E21AE576-3DAA-4534-9D2D-1A37769EE8A7}.Release|Any CPU.Build.0 = Release|Any CPU
	EndGlobalSection
	GlobalSection(SolutionProperties) = preSolution
		HideSolutionNode = FALSE
	EndGlobalSection
EndGlobal
